
Microsoft Visual Studio Solution File, Format Version 12.00
# Visual Studio Version 16
VisualStudioVersion = 16.0.31313.79
MinimumVisualStudioVersion = 10.0.40219.1
Project("{FAE04EC0-301F-11D3-BF4B-00C04F79EFBC}") = "Mqtt", "Mqtt\Mqtt.csproj", "{23DFBC50-AFA4-4566-A98C-A8170BCBDEEE}"
EndProject
Global
	GlobalSection(SolutionConfigurationPlatforms) = preSolution
		Debug|Any CPU = Debug|Any CPU
		Release|Any CPU = Release|Any CPU
	EndGlobalSection
	GlobalSection(ProjectConfigurationPlatforms) = postSolution
		{23DFBC50-AFA4-4566-A98C-A8170BCBDEEE}.Debug|Any CPU.ActiveCfg = Debug|Any CPU
		{23DFBC50-AFA4-4566-A98C-A8170BCBDEEE}.Debug|Any CPU.Build.0 = Debug|Any CPU
		{23DFBC50-AFA4-4566-A98C-A8170BCBDEEE}.Release|Any CPU.ActiveCfg = Release|Any CPU
		{23DFBC50-AFA4-4566-A98C-A8170BCBDEEE}.Release|Any CPU.Build.0 = Release|Any CPU
	EndGlobalSection
	GlobalSection(SolutionProperties) = preSolution
		HideSolutionNode = FALSE
	EndGlobalSection
	GlobalSection(ExtensibilityGlobals) = postSolution
		SolutionGuid = {56706D06-9FF6-45EE-BA47-AD1EA0816567}
	EndGlobalSection
EndGlobal
